{
  "requires": true,
  "lockfileVersion": 1,
  "dependencies": {
    "axios-jsonp": {
      "version": "1.0.4",
      "resolved": "https://registry.npmjs.org/axios-jsonp/-/axios-jsonp-1.0.4.tgz",
      "integrity": "sha512-KI5Fc4ery6DR+oneXG09hPZfGuNUW8Lblhe750h53Z0Eh5MRsrHn49YitDU4RsMk0HV+12zcvL2Q51QkOLGdIQ=="
    }
  }
}
